
Microsoft Visual Studio Solution File, Format Version 12.00
# Visual Studio 2013
VisualStudioVersion = 12.0.31101.0
MinimumVisualStudioVersion = 10.0.40219.1
Project("{FAE04EC0-301F-11D3-BF4B-00C04F79EFBC}") = "Wafer", "Wafer\Wafer.csproj", "{38ED6811-0658-41F4-8208-CC7D3238133D}"
EndProject
Project("{2150E333-8FDC-42A3-9474-1A3956D46DE8}") = "Libraries", "Libraries", "{0EAE76FA-6F8D-454A-AD65-E5CB4FC84243}"
EndProject
Project("{FAE04EC0-301F-11D3-BF4B-00C04F79EFBC}") = "Wafer.Utils", "Wafer.Utils\Wafer.Utils.csproj", "{40329280-AC36-482D-BBF6-A63A59EB87C6}"
EndProject
Project("{2150E333-8FDC-42A3-9474-1A3956D46DE8}") = "Components", "Components", "{513EE779-143C-49F5-9BB7-33A4D76FFF33}"
EndProject
Project("{FAE04EC0-301F-11D3-BF4B-00C04F79EFBC}") = "Wafer.StatusBar", "Wafer.StatusBar\Wafer.StatusBar.csproj", "{2352F8D1-E011-4713-97F6-FDCAD7D9C17E}"
EndProject
Project("{FAE04EC0-301F-11D3-BF4B-00C04F79EFBC}") = "Wafer.Core", "Wafer.Core\Wafer.Core.csproj", "{3802F1B7-9D19-4284-ADE1-115B1E1282A8}"
EndProject
Project("{FAE04EC0-301F-11D3-BF4B-00C04F79EFBC}") = "Wafer.UI", "Wafer.UI\Wafer.UI.csproj", "{454A610C-6B55-4B3D-A15C-97F31344FD6C}"
EndProject
Project("{FAE04EC0-301F-11D3-BF4B-00C04F79EFBC}") = "Wafer.UI.Direct2D", "Wafer.UI.Direct2D\Wafer.UI.Direct2D.csproj", "{A0B7A810-0E35-4F9A-9CD4-E5D7710C632D}"
EndProject
Global
	GlobalSection(SolutionConfigurationPlatforms) = preSolution
		Debug|Any CPU = Debug|Any CPU
		Debug|Mixed Platforms = Debug|Mixed Platforms
		Debug|x86 = Debug|x86
		Release|Any CPU = Release|Any CPU
		Release|Mixed Platforms = Release|Mixed Platforms
		Release|x86 = Release|x86
	EndGlobalSection
	GlobalSection(ProjectConfigurationPlatforms) = postSolution
		{38ED6811-0658-41F4-8208-CC7D3238133D}.Debug|Any CPU.ActiveCfg = Debug|x86
		{38ED6811-0658-41F4-8208-CC7D3238133D}.Debug|Mixed Platforms.ActiveCfg = Debug|x86
		{38ED6811-0658-41F4-8208-CC7D3238133D}.Debug|Mixed Platforms.Build.0 = Debug|x86
		{38ED6811-0658-41F4-8208-CC7D3238133D}.Debug|x86.ActiveCfg = Debug|x86
		{38ED6811-0658-41F4-8208-CC7D3238133D}.Debug|x86.Build.0 = Debug|x86
		{38ED6811-0658-41F4-8208-CC7D3238133D}.Release|Any CPU.ActiveCfg = Release|x86
		{38ED6811-0658-41F4-8208-CC7D3238133D}.Release|Mixed Platforms.ActiveCfg = Release|x86
		{38ED6811-0658-41F4-8208-CC7D3238133D}.Release|Mixed Platforms.Build.0 = Release|x86
		{38ED6811-0658-41F4-8208-CC7D3238133D}.Release|x86.ActiveCfg = Release|x86
		{38ED6811-0658-41F4-8208-CC7D3238133D}.Release|x86.Build.0 = Release|x86
		{40329280-AC36-482D-BBF6-A63A59EB87C6}.Debug|Any CPU.ActiveCfg = Debug|Any CPU
		{40329280-AC36-482D-BBF6-A63A59EB87C6}.Debug|Any CPU.Build.0 = Debug|Any CPU
		{40329280-AC36-482D-BBF6-A63A59EB87C6}.Debug|Mixed Platforms.ActiveCfg = Debug|Any CPU
		{40329280-AC36-482D-BBF6-A63A59EB87C6}.Debug|Mixed Platforms.Build.0 = Debug|Any CPU
		{40329280-AC36-482D-BBF6-A63A59EB87C6}.Debug|x86.ActiveCfg = Debug|Any CPU
		{40329280-AC36-482D-BBF6-A63A59EB87C6}.Debug|x86.Build.0 = Debug|Any CPU
		{40329280-AC36-482D-BBF6-A63A59EB87C6}.Release|Any CPU.ActiveCfg = Release|Any CPU
		{40329280-AC36-482D-BBF6-A63A59EB87C6}.Release|Any CPU.Build.0 = Release|Any CPU
		{40329280-AC36-482D-BBF6-A63A59EB87C6}.Release|Mixed Platforms.ActiveCfg = Release|Any CPU
		{40329280-AC36-482D-BBF6-A63A59EB87C6}.Release|Mixed Platforms.Build.0 = Release|Any CPU
		{40329280-AC36-482D-BBF6-A63A59EB87C6}.Release|x86.ActiveCfg = Release|Any CPU
		{40329280-AC36-482D-BBF6-A63A59EB87C6}.Release|x86.Build.0 = Release|Any CPU
		{2352F8D1-E011-4713-97F6-FDCAD7D9C17E}.Debug|Any CPU.ActiveCfg = Debug|Any CPU
		{2352F8D1-E011-4713-97F6-FDCAD7D9C17E}.Debug|Any CPU.Build.0 = Debug|Any CPU
		{2352F8D1-E011-4713-97F6-FDCAD7D9C17E}.Debug|Mixed Platforms.ActiveCfg = Debug|Any CPU
		{2352F8D1-E011-4713-97F6-FDCAD7D9C17E}.Debug|Mixed Platforms.Build.0 = Debug|Any CPU
		{2352F8D1-E011-4713-97F6-FDCAD7D9C17E}.Debug|x86.ActiveCfg = Debug|Any CPU
		{2352F8D1-E011-4713-97F6-FDCAD7D9C17E}.Release|Any CPU.ActiveCfg = Release|Any CPU
		{2352F8D1-E011-4713-97F6-FDCAD7D9C17E}.Release|Any CPU.Build.0 = Release|Any CPU
		{2352F8D1-E011-4713-97F6-FDCAD7D9C17E}.Release|Mixed Platforms.ActiveCfg = Release|Any CPU
		{2352F8D1-E011-4713-97F6-FDCAD7D9C17E}.Release|Mixed Platforms.Build.0 = Release|Any CPU
		{2352F8D1-E011-4713-97F6-FDCAD7D9C17E}.Release|x86.ActiveCfg = Release|Any CPU
		{3802F1B7-9D19-4284-ADE1-115B1E1282A8}.Debug|Any CPU.ActiveCfg = Debug|Any CPU
		{3802F1B7-9D19-4284-ADE1-115B1E1282A8}.Debug|Any CPU.Build.0 = Debug|Any CPU
		{3802F1B7-9D19-4284-ADE1-115B1E1282A8}.Debug|Mixed Platforms.ActiveCfg = Debug|Any CPU
		{3802F1B7-9D19-4284-ADE1-115B1E1282A8}.Debug|Mixed Platforms.Build.0 = Debug|Any CPU
		{3802F1B7-9D19-4284-ADE1-115B1E1282A8}.Debug|x86.ActiveCfg = Debug|Any CPU
		{3802F1B7-9D19-4284-ADE1-115B1E1282A8}.Release|Any CPU.ActiveCfg = Release|Any CPU
		{3802F1B7-9D19-4284-ADE1-115B1E1282A8}.Release|Any CPU.Build.0 = Release|Any CPU
		{3802F1B7-9D19-4284-ADE1-115B1E1282A8}.Release|Mixed Platforms.ActiveCfg = Release|Any CPU
		{3802F1B7-9D19-4284-ADE1-115B1E1282A8}.Release|Mixed Platforms.Build.0 = Release|Any CPU
		{3802F1B7-9D19-4284-ADE1-115B1E1282A8}.Release|x86.ActiveCfg = Release|Any CPU
		{454A610C-6B55-4B3D-A15C-97F31344FD6C}.Debug|Any CPU.ActiveCfg = Debug|Any CPU
		{454A610C-6B55-4B3D-A15C-97F31344FD6C}.Debug|Any CPU.Build.0 = Debug|Any CPU
		{454A610C-6B55-4B3D-A15C-97F31344FD6C}.Debug|Mixed Platforms.ActiveCfg = Debug|Any CPU
		{454A610C-6B55-4B3D-A15C-97F31344FD6C}.Debug|Mixed Platforms.Build.0 = Debug|Any CPU
		{454A610C-6B55-4B3D-A15C-97F31344FD6C}.Debug|x86.ActiveCfg = Debug|Any CPU
		{454A610C-6B55-4B3D-A15C-97F31344FD6C}.Release|Any CPU.ActiveCfg = Release|Any CPU
		{454A610C-6B55-4B3D-A15C-97F31344FD6C}.Release|Any CPU.Build.0 = Release|Any CPU
		{454A610C-6B55-4B3D-A15C-97F31344FD6C}.Release|Mixed Platforms.ActiveCfg = Release|Any CPU
		{454A610C-6B55-4B3D-A15C-97F31344FD6C}.Release|Mixed Platforms.Build.0 = Release|Any CPU
		{454A610C-6B55-4B3D-A15C-97F31344FD6C}.Release|x86.ActiveCfg = Release|Any CPU
		{A0B7A810-0E35-4F9A-9CD4-E5D7710C632D}.Debug|Any CPU.ActiveCfg = Debug|Any CPU
		{A0B7A810-0E35-4F9A-9CD4-E5D7710C632D}.Debug|Any CPU.Build.0 = Debug|Any CPU
		{A0B7A810-0E35-4F9A-9CD4-E5D7710C632D}.Debug|Mixed Platforms.ActiveCfg = Debug|Any CPU
		{A0B7A810-0E35-4F9A-9CD4-E5D7710C632D}.Debug|Mixed Platforms.Build.0 = Debug|Any CPU
		{A0B7A810-0E35-4F9A-9CD4-E5D7710C632D}.Debug|x86.ActiveCfg = Debug|Any CPU
		{A0B7A810-0E35-4F9A-9CD4-E5D7710C632D}.Release|Any CPU.ActiveCfg = Release|Any CPU
		{A0B7A810-0E35-4F9A-9CD4-E5D7710C632D}.Release|Any CPU.Build.0 = Release|Any CPU
		{A0B7A810-0E35-4F9A-9CD4-E5D7710C632D}.Release|Mixed Platforms.ActiveCfg = Release|Any CPU
		{A0B7A810-0E35-4F9A-9CD4-E5D7710C632D}.Release|Mixed Platforms.Build.0 = Release|Any CPU
		{A0B7A810-0E35-4F9A-9CD4-E5D7710C632D}.Release|x86.ActiveCfg = Release|Any CPU
	EndGlobalSection
	GlobalSection(SolutionProperties) = preSolution
		HideSolutionNode = FALSE
	EndGlobalSection
	GlobalSection(NestedProjects) = preSolution
		{40329280-AC36-482D-BBF6-A63A59EB87C6} = {0EAE76FA-6F8D-454A-AD65-E5CB4FC84243}
		{2352F8D1-E011-4713-97F6-FDCAD7D9C17E} = {513EE779-143C-49F5-9BB7-33A4D76FFF33}
		{3802F1B7-9D19-4284-ADE1-115B1E1282A8} = {0EAE76FA-6F8D-454A-AD65-E5CB4FC84243}
		{454A610C-6B55-4B3D-A15C-97F31344FD6C} = {0EAE76FA-6F8D-454A-AD65-E5CB4FC84243}
		{A0B7A810-0E35-4F9A-9CD4-E5D7710C632D} = {0EAE76FA-6F8D-454A-AD65-E5CB4FC84243}
	EndGlobalSection
EndGlobal
